{
  "lockfileVersion": 1,
  "workspaces": {
    "": {
      "devDependencies": {
        "prettier": "^3.5.3",
        "prettier-plugin-solidity": "^1.4.2",
      },
    },
  },
  "packages": {
    "@solidity-parser/parser": ["@solidity-parser/parser@0.19.0", "", {}, "sha512-RV16k/qIxW/wWc+mLzV3ARyKUaMUTBy9tOLMzFhtNSKYeTAanQ3a5MudJKf/8arIFnA2L27SNjarQKmFg0w/jA=="],

    "prettier": ["prettier@3.5.3", "", { "bin": { "prettier": "bin/prettier.cjs" } }, "sha512-QQtaxnoDJeAkDvDKWCLiwIXkTgRhwYDEQCghU9Z6q03iyek/rxRh/2lC3HB7P8sWT2xC/y5JDctPLBIGzHKbhw=="],

    "prettier-plugin-solidity": ["prettier-plugin-solidity@1.4.2", "", { "dependencies": { "@solidity-parser/parser": "^0.19.0", "semver": "^7.6.3" }, "peerDependencies": { "prettier": ">=2.3.0" } }, "sha512-VVD/4XlDjSzyPWWCPW8JEleFa8JNKFYac5kNlMjVXemQyQZKfpekPMhFZSePuXB6L+RixlFvWe20iacGjFYrLw=="],

    "semver": ["semver@7.7.1", "", { "bin": { "semver": "bin/semver.js" } }, "sha512-hlq8tAfn0m/61p4BVRcPzIGr6LKiMwo4VM6dGi6pt4qcRkmNzTcWq6eCEjEh+qXjkMDvPlOFFSGwQjoEa6gyMA=="],
  }
}
